
Microsoft Visual Studio Solution File, Format Version 12.00
# Visual Studio Version 17
VisualStudioVersion = 17.9.34407.89
MinimumVisualStudioVersion = 10.0.40219.1
Project("{FAE04EC0-301F-11D3-BF4B-00C04F79EFBC}") = "Yalda", "Yalda\Yalda\Yalda.csproj", "{A07CAC8D-2B44-4229-B24C-0FC00B9C06C7}"
EndProject
Project("{FAE04EC0-301F-11D3-BF4B-00C04F79EFBC}") = "Yalda.Client", "Yalda\Yalda.Client\Yalda.Client.csproj", "{CD8A89F7-1F6C-42A9-A1EB-3ECCCA14AF52}"
EndProject
Global
	GlobalSection(SolutionConfigurationPlatforms) = preSolution
		Debug|Any CPU = Debug|Any CPU
		Release|Any CPU = Release|Any CPU
	EndGlobalSection
	GlobalSection(ProjectConfigurationPlatforms) = postSolution
		{A07CAC8D-2B44-4229-B24C-0FC00B9C06C7}.Debug|Any CPU.ActiveCfg = Debug|Any CPU
		{A07CAC8D-2B44-4229-B24C-0FC00B9C06C7}.Debug|Any CPU.Build.0 = Debug|Any CPU
		{A07CAC8D-2B44-4229-B24C-0FC00B9C06C7}.Release|Any CPU.ActiveCfg = Release|Any CPU
		{A07CAC8D-2B44-4229-B24C-0FC00B9C06C7}.Release|Any CPU.Build.0 = Release|Any CPU
		{CD8A89F7-1F6C-42A9-A1EB-3ECCCA14AF52}.Debug|Any CPU.ActiveCfg = Debug|Any CPU
		{CD8A89F7-1F6C-42A9-A1EB-3ECCCA14AF52}.Debug|Any CPU.Build.0 = Debug|Any CPU
		{CD8A89F7-1F6C-42A9-A1EB-3ECCCA14AF52}.Release|Any CPU.ActiveCfg = Release|Any CPU
		{CD8A89F7-1F6C-42A9-A1EB-3ECCCA14AF52}.Release|Any CPU.Build.0 = Release|Any CPU
	EndGlobalSection
	GlobalSection(SolutionProperties) = preSolution
		HideSolutionNode = FALSE
	EndGlobalSection
	GlobalSection(ExtensibilityGlobals) = postSolution
		SolutionGuid = {4F394E8D-3CE9-4F10-8BE9-DA8A4A82ABE2}
	EndGlobalSection
EndGlobal
